{
  "name": "frontend",
  "version": "0.0.0",
  "lockfileVersion": 1,
  "requires": true,
  "dependencies": {
    "@progress/kendo-angular-grid": {
      "version": "3.5.0",
      "resolved": "https://registry.npmjs.org/@progress/kendo-angular-grid/-/kendo-angular-grid-3.5.0.tgz",
      "integrity": "sha512-El+gIYYhHLNtyC1tNGnZruKQwfkyhfHb9jrMsdgFonnrkev8pbxDdUGMp5V0TnOxFIsZXRxx34Hi0d5AD+Dqow==",
      "requires": {
        "@progress/kendo-angular-pdf-export": "1.1.1",
        "@progress/kendo-angular-resize-sensor": "3.0.3",
        "@progress/kendo-file-saver": "1.0.6",
        "@progress/kendo-schematics": "0.2.3",
        "@telerik/kendo-draggable": "1.8.0",
        "tslib": "1.9.2"
      }
    },
    "@progress/kendo-angular-pdf-export": {
      "version": "1.1.1",
      "resolved": "https://registry.npmjs.org/@progress/kendo-angular-pdf-export/-/kendo-angular-pdf-export-1.1.1.tgz",
      "integrity": "sha512-HF3goJhb/jzv3iXGha026OFkee8onjq5CAQ0PD75vJJr2i9mMd/A7h+FlrXlm9HizAwU+mMrBJpfXqkj4EGWHg==",
      "requires": {
        "@progress/kendo-file-saver": "1.0.6",
        "@progress/kendo-schematics": "0.2.3",
        "tslib": "1.9.2"
      }
    },
    "@progress/kendo-angular-resize-sensor": {
      "version": "3.0.3",
      "resolved": "https://registry.npmjs.org/@progress/kendo-angular-resize-sensor/-/kendo-angular-resize-sensor-3.0.3.tgz",
      "integrity": "sha512-11E2+8dJ9YtKJPZskL/u8y8TaM/d9WakLgL7Zwehr9TatSQiaW0NPzYF9ePqZ271KWyWuMJm3ga4+7NFOAUEuw==",
      "requires": {
        "tslib": "1.9.2"
      }
    },
    "@progress/kendo-file-saver": {
      "version": "1.0.6",
      "resolved": "https://registry.npmjs.org/@progress/kendo-file-saver/-/kendo-file-saver-1.0.6.tgz",
      "integrity": "sha512-RtJe2J+OsT9KraNJnDz0bPNG2FtIJNfpfPzWVlAsYeKc0RKAoHtoYF2sghgu+HnyBvq9jUH46BsLAbPILjR8Lg=="
    },
    "@progress/kendo-schematics": {
      "version": "0.2.3",
      "resolved": "https://registry.npmjs.org/@progress/kendo-schematics/-/kendo-schematics-0.2.3.tgz",
      "integrity": "sha512-W+6VNQWAdhH3a1/9f4Lbqq4Cy39V9ErNdA9R21xcAL49GPJPPGaZKsN6xOQvbs1NO41J/XUrPf3NIMWoEqDHug=="
    },
    "@telerik/kendo-draggable": {
      "version": "1.8.0",
      "resolved": "https://registry.npmjs.org/@telerik/kendo-draggable/-/kendo-draggable-1.8.0.tgz",
      "integrity": "sha1-TAMndL+WxlZnyoDBMfoGG/jwILA="
    },
    "rxjs-compat": {
      "version": "6.2.1",
      "resolved": "https://registry.npmjs.org/rxjs-compat/-/rxjs-compat-6.2.1.tgz",
      "integrity": "sha512-Pst0lkAwVodBbBOIZic9aM1vY9asJ2u8GfKN115+goIH83PAlizJDyvixuxPAuQ1UtkmBuro7+0PqKQ3PSkhEg=="
    },
    "tslib": {
      "version": "1.9.2",
      "resolved": "https://registry.npmjs.org/tslib/-/tslib-1.9.2.tgz",
      "integrity": "sha512-AVP5Xol3WivEr7hnssHDsaM+lVrVXWUvd1cfXTRkTj80b//6g2wIFEH6hZG0muGZRnHGrfttpdzRk3YlBkWjKw=="
    }
  }
}
